
Microsoft Visual Studio Solution File, Format Version 12.00
# Visual Studio 14
VisualStudioVersion = 14.0.23107.0
MinimumVisualStudioVersion = 10.0.40219.1
Project("{FAE04EC0-301F-11D3-BF4B-00C04F79EFBC}") = "Servidor", "Servidor\Servidor.csproj", "{CC83B1B1-4CE2-42DF-BBFB-343BAFF39A0A}"
EndProject
Project("{FAE04EC0-301F-11D3-BF4B-00C04F79EFBC}") = "Cliente", "Cliente\Cliente.csproj", "{C9F83390-E470-4B1B-897C-A1BC9543603F}"
EndProject
Global
	GlobalSection(SolutionConfigurationPlatforms) = preSolution
		Debug|Any CPU = Debug|Any CPU
		Release|Any CPU = Release|Any CPU
	EndGlobalSection
	GlobalSection(ProjectConfigurationPlatforms) = postSolution
		{CC83B1B1-4CE2-42DF-BBFB-343BAFF39A0A}.Debug|Any CPU.ActiveCfg = Debug|Any CPU
		{CC83B1B1-4CE2-42DF-BBFB-343BAFF39A0A}.Debug|Any CPU.Build.0 = Debug|Any CPU
		{CC83B1B1-4CE2-42DF-BBFB-343BAFF39A0A}.Release|Any CPU.ActiveCfg = Release|Any CPU
		{CC83B1B1-4CE2-42DF-BBFB-343BAFF39A0A}.Release|Any CPU.Build.0 = Release|Any CPU
		{C9F83390-E470-4B1B-897C-A1BC9543603F}.Debug|Any CPU.ActiveCfg = Debug|Any CPU
		{C9F83390-E470-4B1B-897C-A1BC9543603F}.Debug|Any CPU.Build.0 = Debug|Any CPU
		{C9F83390-E470-4B1B-897C-A1BC9543603F}.Release|Any CPU.ActiveCfg = Release|Any CPU
		{C9F83390-E470-4B1B-897C-A1BC9543603F}.Release|Any CPU.Build.0 = Release|Any CPU
	EndGlobalSection
	GlobalSection(SolutionProperties) = preSolution
		HideSolutionNode = FALSE
	EndGlobalSection
EndGlobal
